// !$*UTF8*$!
{
	archiveVersion = 1;
	classes = {
	};
	objectVersion = 48;
	objects = {

/* Begin PBXBuildFile section */
		2475E1FE8C1914FFFC2CD550 /* GitHubAPI.swift in Sources */ = {isa = PBXBuildFile; fileRef = 2475EC5288515041F48BF447 /* GitHubAPI.swift */; };
		2475E351371F37B2E42D481A /* GitHubAPIToken.swift in Sources */ = {isa = PBXBuildFile; fileRef = 2475E966542919BACE9A0D3C /* GitHubAPIToken.swift */; };
		2475E7586E68BA167B7FC228 /* ContextualWebAPI.swift in Sources */ = {isa = PBXBuildFile; fileRef = 2475EF674B6D53D4DBC55810 /* ContextualWebAPI.swift */; };
		2475E803A6F71E7B8540CB9B /* GitHubAPITests.swift in Sources */ = {isa = PBXBuildFile; fileRef = 2475E499D77555D208B0D5D1 /* GitHubAPITests.swift */; };
		2475E9843854DEB4A1C755CE /* GitHubZen.swift in Sources */ = {isa = PBXBuildFile; fileRef = 2475E184B32671B1F60AD998 /* GitHubZen.swift */; };
		2475EB0416AC09C2F70C4FDD /* GitHubUser.swift in Sources */ = {isa = PBXBuildFile; fileRef = 2475E680923959ED57828681 /* GitHubUser.swift */; };
		2475EC1F11BC016504B3E112 /* GitHubAPIStub.swift in Sources */ = {isa = PBXBuildFile; fileRef = 2475ED990AA8D285F93A6B0D /* GitHubAPIStub.swift */; };
		2475EF75556C42042A402B94 /* WebAPI.swift in Sources */ = {isa = PBXBuildFile; fileRef = 2475EC89169D9FEB318DD316 /* WebAPI.swift */; };
		62AC59E61F9B44DE006E5A59 /* AppDelegate.swift in Sources */ = {isa = PBXBuildFile; fileRef = 62AC59E51F9B44DE006E5A59 /* AppDelegate.swift */; };
		62AC59E81F9B44DE006E5A59 /* ViewController.swift in Sources */ = {isa = PBXBuildFile; fileRef = 62AC59E71F9B44DE006E5A59 /* ViewController.swift */; };
		62AC59EB1F9B44DE006E5A59 /* Main.storyboard in Resources */ = {isa = PBXBuildFile; fileRef = 62AC59E91F9B44DE006E5A59 /* Main.storyboard */; };
		62AC59ED1F9B44DE006E5A59 /* Assets.xcassets in Resources */ = {isa = PBXBuildFile; fileRef = 62AC59EC1F9B44DE006E5A59 /* Assets.xcassets */; };
		62AC59F01F9B44DE006E5A59 /* LaunchScreen.storyboard in Resources */ = {isa = PBXBuildFile; fileRef = 62AC59EE1F9B44DE006E5A59 /* LaunchScreen.storyboard */; };
		62AC59FB1F9B44DF006E5A59 /* StartSmallForAPITests.swift in Sources */ = {isa = PBXBuildFile; fileRef = 62AC59FA1F9B44DF006E5A59 /* StartSmallForAPITests.swift */; };
/* End PBXBuildFile section */

/* Begin PBXContainerItemProxy section */
		62AC59F71F9B44DF006E5A59 /* PBXContainerItemProxy */ = {
			isa = PBXContainerItemProxy;
			containerPortal = 62AC59DA1F9B44DE006E5A59 /* Project object */;
			proxyType = 1;
			remoteGlobalIDString = 62AC59E11F9B44DE006E5A59;
			remoteInfo = StartSmallForAPI;
		};
/* End PBXContainerItemProxy section */

/* Begin PBXFileReference section */
		2475E184B32671B1F60AD998 /* GitHubZen.swift */ = {isa = PBXFileReference; fileEncoding = 4; lastKnownFileType = sourcecode.swift; path = GitHubZen.swift; sourceTree = "<group>"; };
		2475E499D77555D208B0D5D1 /* GitHubAPITests.swift */ = {isa = PBXFileReference; fileEncoding = 4; lastKnownFileType = sourcecode.swift; path = GitHubAPITests.swift; sourceTree = "<group>"; };
		2475E680923959ED57828681 /* GitHubUser.swift */ = {isa = PBXFileReference; fileEncoding = 4; lastKnownFileType = sourcecode.swift; path = GitHubUser.swift; sourceTree = "<group>"; };
		2475E966542919BACE9A0D3C /* GitHubAPIToken.swift */ = {isa = PBXFileReference; fileEncoding = 4; lastKnownFileType = sourcecode.swift; path = GitHubAPIToken.swift; sourceTree = "<group>"; };
		2475EC5288515041F48BF447 /* GitHubAPI.swift */ = {isa = PBXFileReference; fileEncoding = 4; lastKnownFileType = sourcecode.swift; path = GitHubAPI.swift; sourceTree = "<group>"; };
		2475EC89169D9FEB318DD316 /* WebAPI.swift */ = {isa = PBXFileReference; fileEncoding = 4; lastKnownFileType = sourcecode.swift; path = WebAPI.swift; sourceTree = "<group>"; };
		2475ED990AA8D285F93A6B0D /* GitHubAPIStub.swift */ = {isa = PBXFileReference; fileEncoding = 4; lastKnownFileType = sourcecode.swift; path = GitHubAPIStub.swift; sourceTree = "<group>"; };
		2475EF674B6D53D4DBC55810 /* ContextualWebAPI.swift */ = {isa = PBXFileReference; fileEncoding = 4; lastKnownFileType = sourcecode.swift; path = ContextualWebAPI.swift; sourceTree = "<group>"; };
		624757641F9B60D300296E50 /* PromiseKit.framework */ = {isa = PBXFileReference; lastKnownFileType = wrapper.framework; name = PromiseKit.framework; path = Carthage/Build/iOS/PromiseKit.framework; sourceTree = "<group>"; };
		62AC59E21F9B44DE006E5A59 /* StartSmallForAPI.app */ = {isa = PBXFileReference; explicitFileType = wrapper.application; includeInIndex = 0; path = StartSmallForAPI.app; sourceTree = BUILT_PRODUCTS_DIR; };
		62AC59E51F9B44DE006E5A59 /* AppDelegate.swift */ = {isa = PBXFileReference; lastKnownFileType = sourcecode.swift; path = AppDelegate.swift; sourceTree = "<group>"; };
		62AC59E71F9B44DE006E5A59 /* ViewController.swift */ = {isa = PBXFileReference; lastKnownFileType = sourcecode.swift; path = ViewController.swift; sourceTree = "<group>"; };
		62AC59EA1F9B44DE006E5A59 /* Base */ = {isa = PBXFileReference; lastKnownFileType = file.storyboard; name = Base; path = Base.lproj/Main.storyboard; sourceTree = "<group>"; };
		62AC59EC1F9B44DE006E5A59 /* Assets.xcassets */ = {isa = PBXFileReference; lastKnownFileType = folder.assetcatalog; path = Assets.xcassets; sourceTree = "<group>"; };
		62AC59EF1F9B44DE006E5A59 /* Base */ = {isa = PBXFileReference; lastKnownFileType = file.storyboard; name = Base; path = Base.lproj/LaunchScreen.storyboard; sourceTree = "<group>"; };
		62AC59F11F9B44DE006E5A59 /* Info.plist */ = {isa = PBXFileReference; lastKnownFileType = text.plist.xml; path = Info.plist; sourceTree = "<group>"; };
		62AC59F61F9B44DF006E5A59 /* StartSmallForAPITests.xctest */ = {isa = PBXFileReference; explicitFileType = wrapper.cfbundle; includeInIndex = 0; path = StartSmallForAPITests.xctest; sourceTree = BUILT_PRODUCTS_DIR; };
		62AC59FA1F9B44DF006E5A59 /* StartSmallForAPITests.swift */ = {isa = PBXFileReference; lastKnownFileType = sourcecode.swift; path = StartSmallForAPITests.swift; sourceTree = "<group>"; };
		62AC59FC1F9B44DF006E5A59 /* Info.plist */ = {isa = PBXFileReference; lastKnownFileType = text.plist.xml; path = Info.plist; sourceTree = "<group>"; };
/* End PBXFileReference section */

/* Begin PBXFrameworksBuildPhase section */
		62AC59DF1F9B44DE006E5A59 /* Frameworks */ = {
			isa = PBXFrameworksBuildPhase;
			buildActionMask = 2147483647;
			files = (
			);
			runOnlyForDeploymentPostprocessing = 0;
		};
		62AC59F31F9B44DF006E5A59 /* Frameworks */ = {
			isa = PBXFrameworksBuildPhase;
			buildActionMask = 2147483647;
			files = (
			);
			runOnlyForDeploymentPostprocessing = 0;
		};
/* End PBXFrameworksBuildPhase section */

/* Begin PBXGroup section */
		624757631F9B60D300296E50 /* Frameworks */ = {
			isa = PBXGroup;
			children = (
				624757641F9B60D300296E50 /* PromiseKit.framework */,
			);
			name = Frameworks;
			sourceTree = "<group>";
		};
		62AC59D91F9B44DE006E5A59 = {
			isa = PBXGroup;
			children = (
				62AC59E41F9B44DE006E5A59 /* StartSmallForAPI */,
				62AC59F91F9B44DF006E5A59 /* StartSmallForAPITests */,
				62AC59E31F9B44DE006E5A59 /* Products */,
				624757631F9B60D300296E50 /* Frameworks */,
			);
			sourceTree = "<group>";
		};
		62AC59E31F9B44DE006E5A59 /* Products */ = {
			isa = PBXGroup;
			children = (
				62AC59E21F9B44DE006E5A59 /* StartSmallForAPI.app */,
				62AC59F61F9B44DF006E5A59 /* StartSmallForAPITests.xctest */,
			);
			name = Products;
			sourceTree = "<group>";
		};
		62AC59E41F9B44DE006E5A59 /* StartSmallForAPI */ = {
			isa = PBXGroup;
			children = (
				62AC59E51F9B44DE006E5A59 /* AppDelegate.swift */,
				62AC59E71F9B44DE006E5A59 /* ViewController.swift */,
				62AC59E91F9B44DE006E5A59 /* Main.storyboard */,
				62AC59EC1F9B44DE006E5A59 /* Assets.xcassets */,
				62AC59EE1F9B44DE006E5A59 /* LaunchScreen.storyboard */,
				62AC59F11F9B44DE006E5A59 /* Info.plist */,
				2475EC89169D9FEB318DD316 /* WebAPI.swift */,
				2475EC5288515041F48BF447 /* GitHubAPI.swift */,
				2475EF674B6D53D4DBC55810 /* ContextualWebAPI.swift */,
				2475E184B32671B1F60AD998 /* GitHubZen.swift */,
				2475E680923959ED57828681 /* GitHubUser.swift */,
				2475E966542919BACE9A0D3C /* GitHubAPIToken.swift */,
			);
			path = StartSmallForAPI;
			sourceTree = "<group>";
		};
		62AC59F91F9B44DF006E5A59 /* StartSmallForAPITests */ = {
			isa = PBXGroup;
			children = (
				62AC59FA1F9B44DF006E5A59 /* StartSmallForAPITests.swift */,
				62AC59FC1F9B44DF006E5A59 /* Info.plist */,
				2475E499D77555D208B0D5D1 /* GitHubAPITests.swift */,
				2475ED990AA8D285F93A6B0D /* GitHubAPIStub.swift */,
			);
			path = StartSmallForAPITests;
			sourceTree = "<group>";
		};
/* End PBXGroup section */

/* Begin PBXNativeTarget section */
		62AC59E11F9B44DE006E5A59 /* StartSmallForAPI */ = {
			isa = PBXNativeTarget;
			buildConfigurationList = 62AC59FF1F9B44DF006E5A59 /* Build configuration list for PBXNativeTarget "StartSmallForAPI" */;
			buildPhases = (
				62AC59DE1F9B44DE006E5A59 /* Sources */,
				62AC59DF1F9B44DE006E5A59 /* Frameworks */,
				62AC59E01F9B44DE006E5A59 /* Resources */,
			);
			buildRules = (
			);
			dependencies = (
			);
			name = StartSmallForAPI;
			productName = StartSmallForAPI;
			productReference = 62AC59E21F9B44DE006E5A59 /* StartSmallForAPI.app */;
			productType = "com.apple.product-type.application";
		};
		62AC59F51F9B44DF006E5A59 /* StartSmallForAPITests */ = {
			isa = PBXNativeTarget;
			buildConfigurationList = 62AC5A021F9B44DF006E5A59 /* Build configuration list for PBXNativeTarget "StartSmallForAPITests" */;
			buildPhases = (
				62AC59F21F9B44DF006E5A59 /* Sources */,
				62AC59F31F9B44DF006E5A59 /* Frameworks */,
				62AC59F41F9B44DF006E5A59 /* Resources */,
			);
			buildRules = (
			);
			dependencies = (
				62AC59F81F9B44DF006E5A59 /* PBXTargetDependency */,
			);
			name = StartSmallForAPITests;
			productName = StartSmallForAPITests;
			productReference = 62AC59F61F9B44DF006E5A59 /* StartSmallForAPITests.xctest */;
			productType = "com.apple.product-type.bundle.unit-test";
		};
/* End PBXNativeTarget section */

/* Begin PBXProject section */
		62AC59DA1F9B44DE006E5A59 /* Project object */ = {
			isa = PBXProject;
			attributes = {
				LastSwiftUpdateCheck = 0900;
				LastUpgradeCheck = 0900;
				ORGANIZATIONNAME = kuniwak;
				TargetAttributes = {
					62AC59E11F9B44DE006E5A59 = {
						CreatedOnToolsVersion = 9.0;
						ProvisioningStyle = Automatic;
					};
					62AC59F51F9B44DF006E5A59 = {
						CreatedOnToolsVersion = 9.0;
						ProvisioningStyle = Automatic;
						TestTargetID = 62AC59E11F9B44DE006E5A59;
					};
				};
			};
			buildConfigurationList = 62AC59DD1F9B44DE006E5A59 /* Build configuration list for PBXProject "StartSmallForAPI" */;
			compatibilityVersion = "Xcode 8.0";
			developmentRegion = en;
			hasScannedForEncodings = 0;
			knownRegions = (
				en,
				Base,
			);
			mainGroup = 62AC59D91F9B44DE006E5A59;
			productRefGroup = 62AC59E31F9B44DE006E5A59 /* Products */;
			projectDirPath = "";
			projectRoot = "";
			targets = (
				62AC59E11F9B44DE006E5A59 /* StartSmallForAPI */,
				62AC59F51F9B44DF006E5A59 /* StartSmallForAPITests */,
			);
		};
/* End PBXProject section */

/* Begin PBXResourcesBuildPhase section */
		62AC59E01F9B44DE006E5A59 /* Resources */ = {
			isa = PBXResourcesBuildPhase;
			buildActionMask = 2147483647;
			files = (
				62AC59F01F9B44DE006E5A59 /* LaunchScreen.storyboard in Resources */,
				62AC59ED1F9B44DE006E5A59 /* Assets.xcassets in Resources */,
				62AC59EB1F9B44DE006E5A59 /* Main.storyboard in Resources */,
			);
			runOnlyForDeploymentPostprocessing = 0;
		};
		62AC59F41F9B44DF006E5A59 /* Resources */ = {
			isa = PBXResourcesBuildPhase;
			buildActionMask = 2147483647;
			files = (
			);
			runOnlyForDeploymentPostprocessing = 0;
		};
/* End PBXResourcesBuildPhase section */

/* Begin PBXSourcesBuildPhase section */
		62AC59DE1F9B44DE006E5A59 /* Sources */ = {
			isa = PBXSourcesBuildPhase;
			buildActionMask = 2147483647;
			files = (
				62AC59E81F9B44DE006E5A59 /* ViewController.swift in Sources */,
				62AC59E61F9B44DE006E5A59 /* AppDelegate.swift in Sources */,
				2475EF75556C42042A402B94 /* WebAPI.swift in Sources */,
				2475E1FE8C1914FFFC2CD550 /* GitHubAPI.swift in Sources */,
				2475E7586E68BA167B7FC228 /* ContextualWebAPI.swift in Sources */,
				2475E9843854DEB4A1C755CE /* GitHubZen.swift in Sources */,
				2475EB0416AC09C2F70C4FDD /* GitHubUser.swift in Sources */,
				2475E351371F37B2E42D481A /* GitHubAPIToken.swift in Sources */,
			);
			runOnlyForDeploymentPostprocessing = 0;
		};
		62AC59F21F9B44DF006E5A59 /* Sources */ = {
			isa = PBXSourcesBuildPhase;
			buildActionMask = 2147483647;
			files = (
				62AC59FB1F9B44DF006E5A59 /* StartSmallForAPITests.swift in Sources */,
				2475E803A6F71E7B8540CB9B /* GitHubAPITests.swift in Sources */,
				2475EC1F11BC016504B3E112 /* GitHubAPIStub.swift in Sources */,
			);
			runOnlyForDeploymentPostprocessing = 0;
		};
/* End PBXSourcesBuildPhase section */

/* Begin PBXTargetDependency section */
		62AC59F81F9B44DF006E5A59 /* PBXTargetDependency */ = {
			isa = PBXTargetDependency;
			target = 62AC59E11F9B44DE006E5A59 /* StartSmallForAPI */;
			targetProxy = 62AC59F71F9B44DF006E5A59 /* PBXContainerItemProxy */;
		};
/* End PBXTargetDependency section */

/* Begin PBXVariantGroup section */
		62AC59E91F9B44DE006E5A59 /* Main.storyboard */ = {
			isa = PBXVariantGroup;
			children = (
				62AC59EA1F9B44DE006E5A59 /* Base */,
			);
			name = Main.storyboard;
			sourceTree = "<group>";
		};
		62AC59EE1F9B44DE006E5A59 /* LaunchScreen.storyboard */ = {
			isa = PBXVariantGroup;
			children = (
				62AC59EF1F9B44DE006E5A59 /* Base */,
			);
			name = LaunchScreen.storyboard;
			sourceTree = "<group>";
		};
/* End PBXVariantGroup section */

/* Begin XCBuildConfiguration section */
		62AC59FD1F9B44DF006E5A59 /* Debug */ = {
			isa = XCBuildConfiguration;
			buildSettings = {
				ALWAYS_SEARCH_USER_PATHS = NO;
				CLANG_ANALYZER_NONNULL = YES;
				CLANG_ANALYZER_NUMBER_OBJECT_CONVERSION = YES_AGGRESSIVE;
				CLANG_CXX_LANGUAGE_STANDARD = "gnu++14";
				CLANG_CXX_LIBRARY = "libc++";
				CLANG_ENABLE_MODULES = YES;
				CLANG_ENABLE_OBJC_ARC = YES;
				CLANG_WARN_BLOCK_CAPTURE_AUTORELEASING = YES;
				CLANG_WARN_BOOL_CONVERSION = YES;
				CLANG_WARN_COMMA = YES;
				CLANG_WARN_CONSTANT_CONVERSION = YES;
				CLANG_WARN_DIRECT_OBJC_ISA_USAGE = YES_ERROR;
				CLANG_WARN_DOCUMENTATION_COMMENTS = YES;
				CLANG_WARN_EMPTY_BODY = YES;
				CLANG_WARN_ENUM_CONVERSION = YES;
				CLANG_WARN_INFINITE_RECURSION = YES;
				CLANG_WARN_INT_CONVERSION = YES;
				CLANG_WARN_NON_LITERAL_NULL_CONVERSION = YES;
				CLANG_WARN_OBJC_LITERAL_CONVERSION = YES;
				CLANG_WARN_OBJC_ROOT_CLASS = YES_ERROR;
				CLANG_WARN_RANGE_LOOP_ANALYSIS = YES;
				CLANG_WARN_STRICT_PROTOTYPES = YES;
				CLANG_WARN_SUSPICIOUS_MOVE = YES;
				CLANG_WARN_UNGUARDED_AVAILABILITY = YES_AGGRESSIVE;
				CLANG_WARN_UNREACHABLE_CODE = YES;
				CLANG_WARN__DUPLICATE_METHOD_MATCH = YES;
				CODE_SIGN_IDENTITY = "iPhone Developer";
				COPY_PHASE_STRIP = NO;
				DEBUG_INFORMATION_FORMAT = dwarf;
				ENABLE_STRICT_OBJC_MSGSEND = YES;
				ENABLE_TESTABILITY = YES;
				GCC_C_LANGUAGE_STANDARD = gnu11;
				GCC_DYNAMIC_NO_PIC = NO;
				GCC_NO_COMMON_BLOCKS = YES;
				GCC_OPTIMIZATION_LEVEL = 0;
				GCC_PREPROCESSOR_DEFINITIONS = (
					"DEBUG=1",
					"$(inherited)",
				);
				GCC_WARN_64_TO_32_BIT_CONVERSION = YES;
				GCC_WARN_ABOUT_RETURN_TYPE = YES_ERROR;
				GCC_WARN_UNDECLARED_SELECTOR = YES;
				GCC_WARN_UNINITIALIZED_AUTOS = YES_AGGRESSIVE;
				GCC_WARN_UNUSED_FUNCTION = YES;
				GCC_WARN_UNUSED_VARIABLE = YES;
				IPHONEOS_DEPLOYMENT_TARGET = 11.0;
				MTL_ENABLE_DEBUG_INFO = YES;
				ONLY_ACTIVE_ARCH = YES;
				SDKROOT = iphoneos;
				SWIFT_ACTIVE_COMPILATION_CONDITIONS = DEBUG;
				SWIFT_OPTIMIZATION_LEVEL = "-Onone";
			};
			name = Debug;
		};
		62AC59FE1F9B44DF006E5A59 /* Release */ = {
			isa = XCBuildConfiguration;
			buildSettings = {
				ALWAYS_SEARCH_USER_PATHS = NO;
				CLANG_ANALYZER_NONNULL = YES;
				CLANG_ANALYZER_NUMBER_OBJECT_CONVERSION = YES_AGGRESSIVE;
				CLANG_CXX_LANGUAGE_STANDARD = "gnu++14";
				CLANG_CXX_LIBRARY = "libc++";
				CLANG_ENABLE_MODULES = YES;
				CLANG_ENABLE_OBJC_ARC = YES;
				CLANG_WARN_BLOCK_CAPTURE_AUTORELEASING = YES;
				CLANG_WARN_BOOL_CONVERSION = YES;
				CLANG_WARN_COMMA = YES;
				CLANG_WARN_CONSTANT_CONVERSION = YES;
				CLANG_WARN_DIRECT_OBJC_ISA_USAGE = YES_ERROR;
				CLANG_WARN_DOCUMENTATION_COMMENTS = YES;
				CLANG_WARN_EMPTY_BODY = YES;
				CLANG_WARN_ENUM_CONVERSION = YES;
				CLANG_WARN_INFINITE_RECURSION = YES;
				CLANG_WARN_INT_CONVERSION = YES;
				CLANG_WARN_NON_LITERAL_NULL_CONVERSION = YES;
				CLANG_WARN_OBJC_LITERAL_CONVERSION = YES;
				CLANG_WARN_OBJC_ROOT_CLASS = YES_ERROR;
				CLANG_WARN_RANGE_LOOP_ANALYSIS = YES;
				CLANG_WARN_STRICT_PROTOTYPES = YES;
				CLANG_WARN_SUSPICIOUS_MOVE = YES;
				CLANG_WARN_UNGUARDED_AVAILABILITY = YES_AGGRESSIVE;
				CLANG_WARN_UNREACHABLE_CODE = YES;
				CLANG_WARN__DUPLICATE_METHOD_MATCH = YES;
				CODE_SIGN_IDENTITY = "iPhone Developer";
				COPY_PHASE_STRIP = NO;
				DEBUG_INFORMATION_FORMAT = "dwarf-with-dsym";
				ENABLE_NS_ASSERTIONS = NO;
				ENABLE_STRICT_OBJC_MSGSEND = YES;
				GCC_C_LANGUAGE_STANDARD = gnu11;
				GCC_NO_COMMON_BLOCKS = YES;
				GCC_WARN_64_TO_32_BIT_CONVERSION = YES;
				GCC_WARN_ABOUT_RETURN_TYPE = YES_ERROR;
				GCC_WARN_UNDECLARED_SELECTOR = YES;
				GCC_WARN_UNINITIALIZED_AUTOS = YES_AGGRESSIVE;
				GCC_WARN_UNUSED_FUNCTION = YES;
				GCC_WARN_UNUSED_VARIABLE = YES;
				IPHONEOS_DEPLOYMENT_TARGET = 11.0;
				MTL_ENABLE_DEBUG_INFO = NO;
				SDKROOT = iphoneos;
				SWIFT_OPTIMIZATION_LEVEL = "-Owholemodule";
				VALIDATE_PRODUCT = YES;
			};
			name = Release;
		};
		62AC5A001F9B44DF006E5A59 /* Debug */ = {
			isa = XCBuildConfiguration;
			buildSettings = {
				ASSETCATALOG_COMPILER_APPICON_NAME = AppIcon;
				CODE_SIGN_STYLE = Automatic;
				DEVELOPMENT_TEAM = 4KWK2Q5EB9;
				FRAMEWORK_SEARCH_PATHS = "$(inherited)";
				INFOPLIST_FILE = StartSmallForAPI/Info.plist;
				LD_RUNPATH_SEARCH_PATHS = "$(inherited) @executable_path/Frameworks";
				PRODUCT_BUNDLE_IDENTIFIER = com.kuniwak.StartSmallForAPI;
				PRODUCT_NAME = "$(TARGET_NAME)";
				SWIFT_VERSION = 4.0;
				TARGETED_DEVICE_FAMILY = "1,2";
			};
			name = Debug;
		};
		62AC5A011F9B44DF006E5A59 /* Release */ = {
			isa = XCBuildConfiguration;
			buildSettings = {
				ASSETCATALOG_COMPILER_APPICON_NAME = AppIcon;
				CODE_SIGN_STYLE = Automatic;
				DEVELOPMENT_TEAM = 4KWK2Q5EB9;
				FRAMEWORK_SEARCH_PATHS = "$(inherited)";
				INFOPLIST_FILE = StartSmallForAPI/Info.plist;
				LD_RUNPATH_SEARCH_PATHS = "$(inherited) @executable_path/Frameworks";
				PRODUCT_BUNDLE_IDENTIFIER = com.kuniwak.StartSmallForAPI;
				PRODUCT_NAME = "$(TARGET_NAME)";
				SWIFT_VERSION = 4.0;
				TARGETED_DEVICE_FAMILY = "1,2";
			};
			name = Release;
		};
		62AC5A031F9B44DF006E5A59 /* Debug */ = {
			isa = XCBuildConfiguration;
			buildSettings = {
				ALWAYS_EMBED_SWIFT_STANDARD_LIBRARIES = YES;
				BUNDLE_LOADER = "$(TEST_HOST)";
				CODE_SIGN_STYLE = Automatic;
				FRAMEWORK_SEARCH_PATHS = "$(inherited)";
				INFOPLIST_FILE = StartSmallForAPITests/Info.plist;
				LD_RUNPATH_SEARCH_PATHS = "$(inherited) @executable_path/Frameworks @loader_path/Frameworks";
				PRODUCT_BUNDLE_IDENTIFIER = com.kuniwak.StartSmallForAPITests;
				PRODUCT_NAME = "$(TARGET_NAME)";
				SWIFT_VERSION = 4.0;
				TARGETED_DEVICE_FAMILY = "1,2";
				TEST_HOST = "$(BUILT_PRODUCTS_DIR)/StartSmallForAPI.app/StartSmallForAPI";
			};
			name = Debug;
		};
		62AC5A041F9B44DF006E5A59 /* Release */ = {
			isa = XCBuildConfiguration;
			buildSettings = {
				ALWAYS_EMBED_SWIFT_STANDARD_LIBRARIES = YES;
				BUNDLE_LOADER = "$(TEST_HOST)";
				CODE_SIGN_STYLE = Automatic;
				FRAMEWORK_SEARCH_PATHS = "$(inherited)";
				INFOPLIST_FILE = StartSmallForAPITests/Info.plist;
				LD_RUNPATH_SEARCH_PATHS = "$(inherited) @executable_path/Frameworks @loader_path/Frameworks";
				PRODUCT_BUNDLE_IDENTIFIER = com.kuniwak.StartSmallForAPITests;
				PRODUCT_NAME = "$(TARGET_NAME)";
				SWIFT_VERSION = 4.0;
				TARGETED_DEVICE_FAMILY = "1,2";
				TEST_HOST = "$(BUILT_PRODUCTS_DIR)/StartSmallForAPI.app/StartSmallForAPI";
			};
			name = Release;
		};
/* End XCBuildConfiguration section */

/* Begin XCConfigurationList section */
		62AC59DD1F9B44DE006E5A59 /* Build configuration list for PBXProject "StartSmallForAPI" */ = {
			isa = XCConfigurationList;
			buildConfigurations = (
				62AC59FD1F9B44DF006E5A59 /* Debug */,
				62AC59FE1F9B44DF006E5A59 /* Release */,
			);
			defaultConfigurationIsVisible = 0;
			defaultConfigurationName = Release;
		};
		62AC59FF1F9B44DF006E5A59 /* Build configuration list for PBXNativeTarget "StartSmallForAPI" */ = {
			isa = XCConfigurationList;
			buildConfigurations = (
				62AC5A001F9B44DF006E5A59 /* Debug */,
				62AC5A011F9B44DF006E5A59 /* Release */,
			);
			defaultConfigurationIsVisible = 0;
			defaultConfigurationName = Release;
		};
		62AC5A021F9B44DF006E5A59 /* Build configuration list for PBXNativeTarget "StartSmallForAPITests" */ = {
			isa = XCConfigurationList;
			buildConfigurations = (
				62AC5A031F9B44DF006E5A59 /* Debug */,
				62AC5A041F9B44DF006E5A59 /* Release */,
			);
			defaultConfigurationIsVisible = 0;
			defaultConfigurationName = Release;
		};
/* End XCConfigurationList section */
	};
	rootObject = 62AC59DA1F9B44DE006E5A59 /* Project object */;
}
